schema: '2.0'
stages:
  load_data:
    cmd: python src/load_data.py --config=params.yaml
    deps:
    - path: data_given/winequality.csv
      md5: ccc8d3507eb151f53f760d36abdef888
      size: 91998
    - path: src/get_data.py
      md5: d3abbde9adf37e4a0cadc898c24fa280
      size: 691
    - path: src/load_data.py
      md5: ebdb95b24798ceef531c3f20e22a1f40
      size: 692
    outs:
    - path: data/raw/winequality.csv
      md5: d98e8f2eca228c11c4de1cc96866a54d
      size: 93598
